
Microsoft Visual Studio Solution File, Format Version 12.00
Project("{FAE04EC0-301F-11D3-BF4B-00C04F79EFBC}") = "UltimateTicTacToe", "UltimateTicTacToe\UltimateTicTacToe\UltimateTicTacToe.csproj", "{82FECF10-D449-47C6-80C5-59646B1ABB7E}"
EndProject
Project("{FAE04EC0-301F-11D3-BF4B-00C04F79EFBC}") = "UltimateTicTacToe.Client", "UltimateTicTacToe\UltimateTicTacToe.Client\UltimateTicTacToe.Client.csproj", "{1036C9C5-71FD-457B-9CB7-F625F75D686B}"
EndProject
Project("{FAE04EC0-301F-11D3-BF4B-00C04F79EFBC}") = "UltimateTicTacToe.Shared", "UltimateTicTacToe.Shared\UltimateTicTacToe.Shared.csproj", "{BCF6631D-161B-4242-920A-A037BF44B5EE}"
EndProject
Global
	GlobalSection(SolutionConfigurationPlatforms) = preSolution
		Debug|Any CPU = Debug|Any CPU
		Release|Any CPU = Release|Any CPU
	EndGlobalSection
	GlobalSection(ProjectConfigurationPlatforms) = postSolution
		{82FECF10-D449-47C6-80C5-59646B1ABB7E}.Debug|Any CPU.ActiveCfg = Debug|Any CPU
		{82FECF10-D449-47C6-80C5-59646B1ABB7E}.Debug|Any CPU.Build.0 = Debug|Any CPU
		{82FECF10-D449-47C6-80C5-59646B1ABB7E}.Release|Any CPU.ActiveCfg = Release|Any CPU
		{82FECF10-D449-47C6-80C5-59646B1ABB7E}.Release|Any CPU.Build.0 = Release|Any CPU
		{1036C9C5-71FD-457B-9CB7-F625F75D686B}.Debug|Any CPU.ActiveCfg = Debug|Any CPU
		{1036C9C5-71FD-457B-9CB7-F625F75D686B}.Debug|Any CPU.Build.0 = Debug|Any CPU
		{1036C9C5-71FD-457B-9CB7-F625F75D686B}.Release|Any CPU.ActiveCfg = Release|Any CPU
		{1036C9C5-71FD-457B-9CB7-F625F75D686B}.Release|Any CPU.Build.0 = Release|Any CPU
		{BCF6631D-161B-4242-920A-A037BF44B5EE}.Debug|Any CPU.ActiveCfg = Debug|Any CPU
		{BCF6631D-161B-4242-920A-A037BF44B5EE}.Debug|Any CPU.Build.0 = Debug|Any CPU
		{BCF6631D-161B-4242-920A-A037BF44B5EE}.Release|Any CPU.ActiveCfg = Release|Any CPU
		{BCF6631D-161B-4242-920A-A037BF44B5EE}.Release|Any CPU.Build.0 = Release|Any CPU
	EndGlobalSection
EndGlobal
